// !$*UTF8*$!
{
	archiveVersion = 1;
	classes = {
	};
	objectVersion = 55;
	objects = {

/* Begin PBXBuildFile section */
		09FD31F827230EA500791043 /* Tests_iOS.swift in Sources */ = {isa = PBXBuildFile; fileRef = 09FD31F727230EA500791043 /* Tests_iOS.swift */; };
		09FD31FA27230EA500791043 /* Tests_iOSLaunchTests.swift in Sources */ = {isa = PBXBuildFile; fileRef = 09FD31F927230EA500791043 /* Tests_iOSLaunchTests.swift */; };
		09FD320427230EA500791043 /* Tests_macOS.swift in Sources */ = {isa = PBXBuildFile; fileRef = 09FD320327230EA500791043 /* Tests_macOS.swift */; };
		09FD320627230EA500791043 /* Tests_macOSLaunchTests.swift in Sources */ = {isa = PBXBuildFile; fileRef = 09FD320527230EA500791043 /* Tests_macOSLaunchTests.swift */; };
		09FD320727230EA500791043 /* TestAppApp.swift in Sources */ = {isa = PBXBuildFile; fileRef = 09FD31DF27230EA400791043 /* TestAppApp.swift */; };
		09FD320827230EA500791043 /* TestAppApp.swift in Sources */ = {isa = PBXBuildFile; fileRef = 09FD31DF27230EA400791043 /* TestAppApp.swift */; };
		09FD320927230EA500791043 /* ContentView.swift in Sources */ = {isa = PBXBuildFile; fileRef = 09FD31E027230EA400791043 /* ContentView.swift */; };
		09FD320A27230EA500791043 /* ContentView.swift in Sources */ = {isa = PBXBuildFile; fileRef = 09FD31E027230EA400791043 /* ContentView.swift */; };
		09FD320B27230EA500791043 /* Assets.xcassets in Resources */ = {isa = PBXBuildFile; fileRef = 09FD31E127230EA500791043 /* Assets.xcassets */; };
		09FD320C27230EA500791043 /* Assets.xcassets in Resources */ = {isa = PBXBuildFile; fileRef = 09FD31E127230EA500791043 /* Assets.xcassets */; };
		09FD321D272310B300791043 /* c-wrapper.cpp in Sources */ = {isa = PBXBuildFile; fileRef = 09FD321B27230F8E00791043 /* c-wrapper.cpp */; };
		09FD321E272310B500791043 /* c-wrapper.cpp in Sources */ = {isa = PBXBuildFile; fileRef = 09FD321B27230F8E00791043 /* c-wrapper.cpp */; };
		09FD3225272328C500791043 /* objc-wrapper.mm in Sources */ = {isa = PBXBuildFile; fileRef = 09FD3224272328C500791043 /* objc-wrapper.mm */; };
		09FD3226272328C500791043 /* objc-wrapper.mm in Sources */ = {isa = PBXBuildFile; fileRef = 09FD3224272328C500791043 /* objc-wrapper.mm */; };
		09FD32292723322100791043 /* test.cpp in Sources */ = {isa = PBXBuildFile; fileRef = 09FD32272723322100791043 /* test.cpp */; };
		09FD322A2723322100791043 /* test.cpp in Sources */ = {isa = PBXBuildFile; fileRef = 09FD32272723322100791043 /* test.cpp */; };
/* End PBXBuildFile section */

/* Begin PBXContainerItemProxy section */
		09FD31F427230EA500791043 /* PBXContainerItemProxy */ = {
			isa = PBXContainerItemProxy;
			containerPortal = 09FD31DA27230EA300791043 /* Project object */;
			proxyType = 1;
			remoteGlobalIDString = 09FD31E527230EA500791043;
			remoteInfo = "TestApp (iOS)";
		};
		09FD320027230EA500791043 /* PBXContainerItemProxy */ = {
			isa = PBXContainerItemProxy;
			containerPortal = 09FD31DA27230EA300791043 /* Project object */;
			proxyType = 1;
			remoteGlobalIDString = 09FD31EB27230EA500791043;
			remoteInfo = "TestApp (macOS)";
		};
/* End PBXContainerItemProxy section */

/* Begin PBXFileReference section */
		09FD31DF27230EA400791043 /* TestAppApp.swift */ = {isa = PBXFileReference; lastKnownFileType = sourcecode.swift; path = TestAppApp.swift; sourceTree = "<group>"; };
		09FD31E027230EA400791043 /* ContentView.swift */ = {isa = PBXFileReference; lastKnownFileType = sourcecode.swift; path = ContentView.swift; sourceTree = "<group>"; };
		09FD31E127230EA500791043 /* Assets.xcassets */ = {isa = PBXFileReference; lastKnownFileType = folder.assetcatalog; path = Assets.xcassets; sourceTree = "<group>"; };
		09FD31E627230EA500791043 /* TestApp.app */ = {isa = PBXFileReference; explicitFileType = wrapper.application; includeInIndex = 0; path = TestApp.app; sourceTree = BUILT_PRODUCTS_DIR; };
		09FD31EC27230EA500791043 /* TestApp.app */ = {isa = PBXFileReference; explicitFileType = wrapper.application; includeInIndex = 0; path = TestApp.app; sourceTree = BUILT_PRODUCTS_DIR; };
		09FD31EE27230EA500791043 /* macOS.entitlements */ = {isa = PBXFileReference; lastKnownFileType = text.plist.entitlements; path = macOS.entitlements; sourceTree = "<group>"; };
		09FD31F327230EA500791043 /* Tests iOS.xctest */ = {isa = PBXFileReference; explicitFileType = wrapper.cfbundle; includeInIndex = 0; path = "Tests iOS.xctest"; sourceTree = BUILT_PRODUCTS_DIR; };
		09FD31F727230EA500791043 /* Tests_iOS.swift */ = {isa = PBXFileReference; lastKnownFileType = sourcecode.swift; path = Tests_iOS.swift; sourceTree = "<group>"; };
		09FD31F927230EA500791043 /* Tests_iOSLaunchTests.swift */ = {isa = PBXFileReference; lastKnownFileType = sourcecode.swift; path = Tests_iOSLaunchTests.swift; sourceTree = "<group>"; };
		09FD31FF27230EA500791043 /* Tests macOS.xctest */ = {isa = PBXFileReference; explicitFileType = wrapper.cfbundle; includeInIndex = 0; path = "Tests macOS.xctest"; sourceTree = BUILT_PRODUCTS_DIR; };
		09FD320327230EA500791043 /* Tests_macOS.swift */ = {isa = PBXFileReference; lastKnownFileType = sourcecode.swift; path = Tests_macOS.swift; sourceTree = "<group>"; };
		09FD320527230EA500791043 /* Tests_macOSLaunchTests.swift */ = {isa = PBXFileReference; lastKnownFileType = sourcecode.swift; path = Tests_macOSLaunchTests.swift; sourceTree = "<group>"; };
		09FD321B27230F8E00791043 /* c-wrapper.cpp */ = {isa = PBXFileReference; lastKnownFileType = sourcecode.cpp.cpp; name = "c-wrapper.cpp"; path = "Shared/c-wrapper.cpp"; sourceTree = SOURCE_ROOT; };
		09FD321C27230F8E00791043 /* c-wrapper.h */ = {isa = PBXFileReference; explicitFileType = sourcecode.c.h; name = "c-wrapper.h"; path = "Shared/c-wrapper.h"; sourceTree = SOURCE_ROOT; };
		09FD32222723165E00791043 /* objc-wrapper.h */ = {isa = PBXFileReference; lastKnownFileType = sourcecode.c.h; path = "objc-wrapper.h"; sourceTree = "<group>"; };
		09FD32232723210800791043 /* TestApp-Bridging-Header.h */ = {isa = PBXFileReference; lastKnownFileType = sourcecode.c.h; path = "TestApp-Bridging-Header.h"; sourceTree = "<group>"; };
		09FD3224272328C500791043 /* objc-wrapper.mm */ = {isa = PBXFileReference; fileEncoding = 4; lastKnownFileType = sourcecode.cpp.objcpp; path = "objc-wrapper.mm"; sourceTree = "<group>"; };
		09FD32272723322100791043 /* test.cpp */ = {isa = PBXFileReference; lastKnownFileType = sourcecode.cpp.cpp; path = test.cpp; sourceTree = "<group>"; };
		09FD32282723322100791043 /* test.hpp */ = {isa = PBXFileReference; lastKnownFileType = sourcecode.cpp.h; path = test.hpp; sourceTree = "<group>"; };
/* End PBXFileReference section */

/* Begin PBXFrameworksBuildPhase section */
		09FD31E327230EA500791043 /* Frameworks */ = {
			isa = PBXFrameworksBuildPhase;
			buildActionMask = 2147483647;
			files = (
			);
			runOnlyForDeploymentPostprocessing = 0;
		};
		09FD31E927230EA500791043 /* Frameworks */ = {
			isa = PBXFrameworksBuildPhase;
			buildActionMask = 2147483647;
			files = (
			);
			runOnlyForDeploymentPostprocessing = 0;
		};
		09FD31F027230EA500791043 /* Frameworks */ = {
			isa = PBXFrameworksBuildPhase;
			buildActionMask = 2147483647;
			files = (
			);
			runOnlyForDeploymentPostprocessing = 0;
		};
		09FD31FC27230EA500791043 /* Frameworks */ = {
			isa = PBXFrameworksBuildPhase;
			buildActionMask = 2147483647;
			files = (
			);
			runOnlyForDeploymentPostprocessing = 0;
		};
/* End PBXFrameworksBuildPhase section */

/* Begin PBXGroup section */
		09FD31D927230EA300791043 = {
			isa = PBXGroup;
			children = (
				09FD31DE27230EA400791043 /* Shared */,
				09FD31ED27230EA500791043 /* macOS */,
				09FD31F627230EA500791043 /* Tests iOS */,
				09FD320227230EA500791043 /* Tests macOS */,
				09FD31E727230EA500791043 /* Products */,
			);
			sourceTree = "<group>";
		};
		09FD31DE27230EA400791043 /* Shared */ = {
			isa = PBXGroup;
			children = (
				09FD321B27230F8E00791043 /* c-wrapper.cpp */,
				09FD321C27230F8E00791043 /* c-wrapper.h */,
				09FD3224272328C500791043 /* objc-wrapper.mm */,
				09FD32222723165E00791043 /* objc-wrapper.h */,
				09FD32232723210800791043 /* TestApp-Bridging-Header.h */,
				09FD32272723322100791043 /* test.cpp */,
				09FD32282723322100791043 /* test.hpp */,
				09FD31DF27230EA400791043 /* TestAppApp.swift */,
				09FD31E027230EA400791043 /* ContentView.swift */,
				09FD31E127230EA500791043 /* Assets.xcassets */,
			);
			path = Shared;
			sourceTree = "<group>";
		};
		09FD31E727230EA500791043 /* Products */ = {
			isa = PBXGroup;
			children = (
				09FD31E627230EA500791043 /* TestApp.app */,
				09FD31EC27230EA500791043 /* TestApp.app */,
				09FD31F327230EA500791043 /* Tests iOS.xctest */,
				09FD31FF27230EA500791043 /* Tests macOS.xctest */,
			);
			name = Products;
			sourceTree = "<group>";
		};
		09FD31ED27230EA500791043 /* macOS */ = {
			isa = PBXGroup;
			children = (
				09FD31EE27230EA500791043 /* macOS.entitlements */,
			);
			path = macOS;
			sourceTree = "<group>";
		};
		09FD31F627230EA500791043 /* Tests iOS */ = {
			isa = PBXGroup;
			children = (
				09FD31F727230EA500791043 /* Tests_iOS.swift */,
				09FD31F927230EA500791043 /* Tests_iOSLaunchTests.swift */,
			);
			path = "Tests iOS";
			sourceTree = "<group>";
		};
		09FD320227230EA500791043 /* Tests macOS */ = {
			isa = PBXGroup;
			children = (
				09FD320327230EA500791043 /* Tests_macOS.swift */,
				09FD320527230EA500791043 /* Tests_macOSLaunchTests.swift */,
			);
			path = "Tests macOS";
			sourceTree = "<group>";
		};
/* End PBXGroup section */

/* Begin PBXNativeTarget section */
		09FD31E527230EA500791043 /* TestApp (iOS) */ = {
			isa = PBXNativeTarget;
			buildConfigurationList = 09FD320F27230EA500791043 /* Build configuration list for PBXNativeTarget "TestApp (iOS)" */;
			buildPhases = (
				09FD31E227230EA500791043 /* Sources */,
				09FD31E327230EA500791043 /* Frameworks */,
				09FD31E427230EA500791043 /* Resources */,
			);
			buildRules = (
			);
			dependencies = (
			);
			name = "TestApp (iOS)";
			productName = "TestApp (iOS)";
			productReference = 09FD31E627230EA500791043 /* TestApp.app */;
			productType = "com.apple.product-type.application";
		};
		09FD31EB27230EA500791043 /* TestApp (macOS) */ = {
			isa = PBXNativeTarget;
			buildConfigurationList = 09FD321227230EA500791043 /* Build configuration list for PBXNativeTarget "TestApp (macOS)" */;
			buildPhases = (
				09FD31E827230EA500791043 /* Sources */,
				09FD31E927230EA500791043 /* Frameworks */,
				09FD31EA27230EA500791043 /* Resources */,
			);
			buildRules = (
			);
			dependencies = (
			);
			name = "TestApp (macOS)";
			productName = "TestApp (macOS)";
			productReference = 09FD31EC27230EA500791043 /* TestApp.app */;
			productType = "com.apple.product-type.application";
		};
		09FD31F227230EA500791043 /* Tests iOS */ = {
			isa = PBXNativeTarget;
			buildConfigurationList = 09FD321527230EA500791043 /* Build configuration list for PBXNativeTarget "Tests iOS" */;
			buildPhases = (
				09FD31EF27230EA500791043 /* Sources */,
				09FD31F027230EA500791043 /* Frameworks */,
				09FD31F127230EA500791043 /* Resources */,
			);
			buildRules = (
			);
			dependencies = (
				09FD31F527230EA500791043 /* PBXTargetDependency */,
			);
			name = "Tests iOS";
			productName = "Tests iOS";
			productReference = 09FD31F327230EA500791043 /* Tests iOS.xctest */;
			productType = "com.apple.product-type.bundle.ui-testing";
		};
		09FD31FE27230EA500791043 /* Tests macOS */ = {
			isa = PBXNativeTarget;
			buildConfigurationList = 09FD321827230EA500791043 /* Build configuration list for PBXNativeTarget "Tests macOS" */;
			buildPhases = (
				09FD31FB27230EA500791043 /* Sources */,
				09FD31FC27230EA500791043 /* Frameworks */,
				09FD31FD27230EA500791043 /* Resources */,
			);
			buildRules = (
			);
			dependencies = (
				09FD320127230EA500791043 /* PBXTargetDependency */,
			);
			name = "Tests macOS";
			productName = "Tests macOS";
			productReference = 09FD31FF27230EA500791043 /* Tests macOS.xctest */;
			productType = "com.apple.product-type.bundle.ui-testing";
		};
/* End PBXNativeTarget section */

/* Begin PBXProject section */
		09FD31DA27230EA300791043 /* Project object */ = {
			isa = PBXProject;
			attributes = {
				BuildIndependentTargetsInParallel = 1;
				LastSwiftUpdateCheck = 1300;
				LastUpgradeCheck = 1310;
				TargetAttributes = {
					09FD31E527230EA500791043 = {
						CreatedOnToolsVersion = 13.0;
					};
					09FD31EB27230EA500791043 = {
						CreatedOnToolsVersion = 13.0;
					};
					09FD31F227230EA500791043 = {
						CreatedOnToolsVersion = 13.0;
						TestTargetID = 09FD31E527230EA500791043;
					};
					09FD31FE27230EA500791043 = {
						CreatedOnToolsVersion = 13.0;
						TestTargetID = 09FD31EB27230EA500791043;
					};
				};
			};
			buildConfigurationList = 09FD31DD27230EA300791043 /* Build configuration list for PBXProject "TestApp" */;
			compatibilityVersion = "Xcode 13.0";
			developmentRegion = en;
			hasScannedForEncodings = 0;
			knownRegions = (
				en,
				Base,
			);
			mainGroup = 09FD31D927230EA300791043;
			productRefGroup = 09FD31E727230EA500791043 /* Products */;
			projectDirPath = "";
			projectRoot = "";
			targets = (
				09FD31E527230EA500791043 /* TestApp (iOS) */,
				09FD31EB27230EA500791043 /* TestApp (macOS) */,
				09FD31F227230EA500791043 /* Tests iOS */,
				09FD31FE27230EA500791043 /* Tests macOS */,
			);
		};
/* End PBXProject section */

/* Begin PBXResourcesBuildPhase section */
		09FD31E427230EA500791043 /* Resources */ = {
			isa = PBXResourcesBuildPhase;
			buildActionMask = 2147483647;
			files = (
				09FD320B27230EA500791043 /* Assets.xcassets in Resources */,
			);
			runOnlyForDeploymentPostprocessing = 0;
		};
		09FD31EA27230EA500791043 /* Resources */ = {
			isa = PBXResourcesBuildPhase;
			buildActionMask = 2147483647;
			files = (
				09FD320C27230EA500791043 /* Assets.xcassets in Resources */,
			);
			runOnlyForDeploymentPostprocessing = 0;
		};
		09FD31F127230EA500791043 /* Resources */ = {
			isa = PBXResourcesBuildPhase;
			buildActionMask = 2147483647;
			files = (
			);
			runOnlyForDeploymentPostprocessing = 0;
		};
		09FD31FD27230EA500791043 /* Resources */ = {
			isa = PBXResourcesBuildPhase;
			buildActionMask = 2147483647;
			files = (
			);
			runOnlyForDeploymentPostprocessing = 0;
		};
/* End PBXResourcesBuildPhase section */

/* Begin PBXSourcesBuildPhase section */
		09FD31E227230EA500791043 /* Sources */ = {
			isa = PBXSourcesBuildPhase;
			buildActionMask = 2147483647;
			files = (
				09FD320927230EA500791043 /* ContentView.swift in Sources */,
				09FD320727230EA500791043 /* TestAppApp.swift in Sources */,
				09FD3225272328C500791043 /* objc-wrapper.mm in Sources */,
				09FD32292723322100791043 /* test.cpp in Sources */,
				09FD321D272310B300791043 /* c-wrapper.cpp in Sources */,
			);
			runOnlyForDeploymentPostprocessing = 0;
		};
		09FD31E827230EA500791043 /* Sources */ = {
			isa = PBXSourcesBuildPhase;
			buildActionMask = 2147483647;
			files = (
				09FD320A27230EA500791043 /* ContentView.swift in Sources */,
				09FD320827230EA500791043 /* TestAppApp.swift in Sources */,
				09FD3226272328C500791043 /* objc-wrapper.mm in Sources */,
				09FD322A2723322100791043 /* test.cpp in Sources */,
				09FD321E272310B500791043 /* c-wrapper.cpp in Sources */,
			);
			runOnlyForDeploymentPostprocessing = 0;
		};
		09FD31EF27230EA500791043 /* Sources */ = {
			isa = PBXSourcesBuildPhase;
			buildActionMask = 2147483647;
			files = (
				09FD31FA27230EA500791043 /* Tests_iOSLaunchTests.swift in Sources */,
				09FD31F827230EA500791043 /* Tests_iOS.swift in Sources */,
			);
			runOnlyForDeploymentPostprocessing = 0;
		};
		09FD31FB27230EA500791043 /* Sources */ = {
			isa = PBXSourcesBuildPhase;
			buildActionMask = 2147483647;
			files = (
				09FD320627230EA500791043 /* Tests_macOSLaunchTests.swift in Sources */,
				09FD320427230EA500791043 /* Tests_macOS.swift in Sources */,
			);
			runOnlyForDeploymentPostprocessing = 0;
		};
/* End PBXSourcesBuildPhase section */

/* Begin PBXTargetDependency section */
		09FD31F527230EA500791043 /* PBXTargetDependency */ = {
			isa = PBXTargetDependency;
			target = 09FD31E527230EA500791043 /* TestApp (iOS) */;
			targetProxy = 09FD31F427230EA500791043 /* PBXContainerItemProxy */;
		};
		09FD320127230EA500791043 /* PBXTargetDependency */ = {
			isa = PBXTargetDependency;
			target = 09FD31EB27230EA500791043 /* TestApp (macOS) */;
			targetProxy = 09FD320027230EA500791043 /* PBXContainerItemProxy */;
		};
/* End PBXTargetDependency section */

/* Begin XCBuildConfiguration section */
		09FD320D27230EA500791043 /* Debug */ = {
			isa = XCBuildConfiguration;
			buildSettings = {
				ALWAYS_SEARCH_USER_PATHS = NO;
				CLANG_ANALYZER_NONNULL = YES;
				CLANG_ANALYZER_NUMBER_OBJECT_CONVERSION = YES_AGGRESSIVE;
				CLANG_CXX_LANGUAGE_STANDARD = "gnu++17";
				CLANG_CXX_LIBRARY = "libc++";
				CLANG_ENABLE_MODULES = YES;
				CLANG_ENABLE_OBJC_ARC = YES;
				CLANG_ENABLE_OBJC_WEAK = YES;
				CLANG_WARN_BLOCK_CAPTURE_AUTORELEASING = YES;
				CLANG_WARN_BOOL_CONVERSION = YES;
				CLANG_WARN_COMMA = YES;
				CLANG_WARN_CONSTANT_CONVERSION = YES;
				CLANG_WARN_DEPRECATED_OBJC_IMPLEMENTATIONS = YES;
				CLANG_WARN_DIRECT_OBJC_ISA_USAGE = YES_ERROR;
				CLANG_WARN_DOCUMENTATION_COMMENTS = YES;
				CLANG_WARN_EMPTY_BODY = YES;
				CLANG_WARN_ENUM_CONVERSION = YES;
				CLANG_WARN_INFINITE_RECURSION = YES;
				CLANG_WARN_INT_CONVERSION = YES;
				CLANG_WARN_NON_LITERAL_NULL_CONVERSION = YES;
				CLANG_WARN_OBJC_IMPLICIT_RETAIN_SELF = YES;
				CLANG_WARN_OBJC_LITERAL_CONVERSION = YES;
				CLANG_WARN_OBJC_ROOT_CLASS = YES_ERROR;
				CLANG_WARN_QUOTED_INCLUDE_IN_FRAMEWORK_HEADER = YES;
				CLANG_WARN_RANGE_LOOP_ANALYSIS = YES;
				CLANG_WARN_STRICT_PROTOTYPES = YES;
				CLANG_WARN_SUSPICIOUS_MOVE = YES;
				CLANG_WARN_UNGUARDED_AVAILABILITY = YES_AGGRESSIVE;
				CLANG_WARN_UNREACHABLE_CODE = YES;
				CLANG_WARN__DUPLICATE_METHOD_MATCH = YES;
				COPY_PHASE_STRIP = NO;
				DEBUG_INFORMATION_FORMAT = dwarf;
				ENABLE_STRICT_OBJC_MSGSEND = YES;
				ENABLE_TESTABILITY = YES;
				GCC_C_LANGUAGE_STANDARD = gnu11;
				GCC_DYNAMIC_NO_PIC = NO;
				GCC_NO_COMMON_BLOCKS = YES;
				GCC_OPTIMIZATION_LEVEL = 0;
				GCC_PREPROCESSOR_DEFINITIONS = (
					"DEBUG=1",
					"$(inherited)",
				);
				GCC_WARN_64_TO_32_BIT_CONVERSION = YES;
				GCC_WARN_ABOUT_RETURN_TYPE = YES_ERROR;
				GCC_WARN_UNDECLARED_SELECTOR = YES;
				GCC_WARN_UNINITIALIZED_AUTOS = YES_AGGRESSIVE;
				GCC_WARN_UNUSED_FUNCTION = YES;
				GCC_WARN_UNUSED_VARIABLE = YES;
				MTL_ENABLE_DEBUG_INFO = INCLUDE_SOURCE;
				MTL_FAST_MATH = YES;
				ONLY_ACTIVE_ARCH = YES;
				SWIFT_ACTIVE_COMPILATION_CONDITIONS = DEBUG;
				SWIFT_OBJC_BRIDGING_HEADER = "./Shared/TestApp-Bridging-Header.h";
				SWIFT_OPTIMIZATION_LEVEL = "-Onone";
			};
			name = Debug;
		};
		09FD320E27230EA500791043 /* Release */ = {
			isa = XCBuildConfiguration;
			buildSettings = {
				ALWAYS_SEARCH_USER_PATHS = NO;
				CLANG_ANALYZER_NONNULL = YES;
				CLANG_ANALYZER_NUMBER_OBJECT_CONVERSION = YES_AGGRESSIVE;
				CLANG_CXX_LANGUAGE_STANDARD = "gnu++17";
				CLANG_CXX_LIBRARY = "libc++";
				CLANG_ENABLE_MODULES = YES;
				CLANG_ENABLE_OBJC_ARC = YES;
				CLANG_ENABLE_OBJC_WEAK = YES;
				CLANG_WARN_BLOCK_CAPTURE_AUTORELEASING = YES;
				CLANG_WARN_BOOL_CONVERSION = YES;
				CLANG_WARN_COMMA = YES;
				CLANG_WARN_CONSTANT_CONVERSION = YES;
				CLANG_WARN_DEPRECATED_OBJC_IMPLEMENTATIONS = YES;
				CLANG_WARN_DIRECT_OBJC_ISA_USAGE = YES_ERROR;
				CLANG_WARN_DOCUMENTATION_COMMENTS = YES;
				CLANG_WARN_EMPTY_BODY = YES;
				CLANG_WARN_ENUM_CONVERSION = YES;
				CLANG_WARN_INFINITE_RECURSION = YES;
				CLANG_WARN_INT_CONVERSION = YES;
				CLANG_WARN_NON_LITERAL_NULL_CONVERSION = YES;
				CLANG_WARN_OBJC_IMPLICIT_RETAIN_SELF = YES;
				CLANG_WARN_OBJC_LITERAL_CONVERSION = YES;
				CLANG_WARN_OBJC_ROOT_CLASS = YES_ERROR;
				CLANG_WARN_QUOTED_INCLUDE_IN_FRAMEWORK_HEADER = YES;
				CLANG_WARN_RANGE_LOOP_ANALYSIS = YES;
				CLANG_WARN_STRICT_PROTOTYPES = YES;
				CLANG_WARN_SUSPICIOUS_MOVE = YES;
				CLANG_WARN_UNGUARDED_AVAILABILITY = YES_AGGRESSIVE;
				CLANG_WARN_UNREACHABLE_CODE = YES;
				CLANG_WARN__DUPLICATE_METHOD_MATCH = YES;
				COPY_PHASE_STRIP = NO;
				DEBUG_INFORMATION_FORMAT = "dwarf-with-dsym";
				ENABLE_NS_ASSERTIONS = NO;
				ENABLE_STRICT_OBJC_MSGSEND = YES;
				GCC_C_LANGUAGE_STANDARD = gnu11;
				GCC_NO_COMMON_BLOCKS = YES;
				GCC_WARN_64_TO_32_BIT_CONVERSION = YES;
				GCC_WARN_ABOUT_RETURN_TYPE = YES_ERROR;
				GCC_WARN_UNDECLARED_SELECTOR = YES;
				GCC_WARN_UNINITIALIZED_AUTOS = YES_AGGRESSIVE;
				GCC_WARN_UNUSED_FUNCTION = YES;
				GCC_WARN_UNUSED_VARIABLE = YES;
				MTL_ENABLE_DEBUG_INFO = NO;
				MTL_FAST_MATH = YES;
				SWIFT_COMPILATION_MODE = wholemodule;
				SWIFT_OBJC_BRIDGING_HEADER = "./Shared/TestApp-Bridging-Header.h";
				SWIFT_OPTIMIZATION_LEVEL = "-O";
			};
			name = Release;
		};
		09FD321027230EA500791043 /* Debug */ = {
			isa = XCBuildConfiguration;
			buildSettings = {
				ASSETCATALOG_COMPILER_APPICON_NAME = AppIcon;
				ASSETCATALOG_COMPILER_GLOBAL_ACCENT_COLOR_NAME = AccentColor;
				CODE_SIGN_STYLE = Automatic;
				CURRENT_PROJECT_VERSION = 1;
				ENABLE_PREVIEWS = YES;
				GENERATE_INFOPLIST_FILE = YES;
				INFOPLIST_KEY_UIApplicationSceneManifest_Generation = YES;
				INFOPLIST_KEY_UIApplicationSupportsIndirectInputEvents = YES;
				INFOPLIST_KEY_UILaunchScreen_Generation = YES;
				INFOPLIST_KEY_UISupportedInterfaceOrientations_iPad = "UIInterfaceOrientationPortrait UIInterfaceOrientationPortraitUpsideDown UIInterfaceOrientationLandscapeLeft UIInterfaceOrientationLandscapeRight";
				INFOPLIST_KEY_UISupportedInterfaceOrientations_iPhone = "UIInterfaceOrientationPortrait UIInterfaceOrientationLandscapeLeft UIInterfaceOrientationLandscapeRight";
				IPHONEOS_DEPLOYMENT_TARGET = 14.0;
				LD_RUNPATH_SEARCH_PATHS = (
					"$(inherited)",
					"@executable_path/Frameworks",
				);
				MARKETING_VERSION = 1.0;
				PRODUCT_BUNDLE_IDENTIFIER = GL.TestApp;
				PRODUCT_NAME = TestApp;
				SDKROOT = iphoneos;
				SWIFT_EMIT_LOC_STRINGS = YES;
				SWIFT_VERSION = 5.0;
				TARGETED_DEVICE_FAMILY = "1,2";
			};
			name = Debug;
		};
		09FD321127230EA500791043 /* Release */ = {
			isa = XCBuildConfiguration;
			buildSettings = {
				ASSETCATALOG_COMPILER_APPICON_NAME = AppIcon;
				ASSETCATALOG_COMPILER_GLOBAL_ACCENT_COLOR_NAME = AccentColor;
				CODE_SIGN_STYLE = Automatic;
				CURRENT_PROJECT_VERSION = 1;
				ENABLE_PREVIEWS = YES;
				GENERATE_INFOPLIST_FILE = YES;
				INFOPLIST_KEY_UIApplicationSceneManifest_Generation = YES;
				INFOPLIST_KEY_UIApplicationSupportsIndirectInputEvents = YES;
				INFOPLIST_KEY_UILaunchScreen_Generation = YES;
				INFOPLIST_KEY_UISupportedInterfaceOrientations_iPad = "UIInterfaceOrientationPortrait UIInterfaceOrientationPortraitUpsideDown UIInterfaceOrientationLandscapeLeft UIInterfaceOrientationLandscapeRight";
				INFOPLIST_KEY_UISupportedInterfaceOrientations_iPhone = "UIInterfaceOrientationPortrait UIInterfaceOrientationLandscapeLeft UIInterfaceOrientationLandscapeRight";
				IPHONEOS_DEPLOYMENT_TARGET = 14.0;
				LD_RUNPATH_SEARCH_PATHS = (
					"$(inherited)",
					"@executable_path/Frameworks",
				);
				MARKETING_VERSION = 1.0;
				PRODUCT_BUNDLE_IDENTIFIER = GL.TestApp;
				PRODUCT_NAME = TestApp;
				SDKROOT = iphoneos;
				SWIFT_EMIT_LOC_STRINGS = YES;
				SWIFT_VERSION = 5.0;
				TARGETED_DEVICE_FAMILY = "1,2";
				VALIDATE_PRODUCT = YES;
			};
			name = Release;
		};
		09FD321327230EA500791043 /* Debug */ = {
			isa = XCBuildConfiguration;
			buildSettings = {
				ASSETCATALOG_COMPILER_APPICON_NAME = AppIcon;
				ASSETCATALOG_COMPILER_GLOBAL_ACCENT_COLOR_NAME = AccentColor;
				CODE_SIGN_ENTITLEMENTS = macOS/macOS.entitlements;
				CODE_SIGN_IDENTITY = "-";
				CODE_SIGN_STYLE = Automatic;
				COMBINE_HIDPI_IMAGES = YES;
				CURRENT_PROJECT_VERSION = 1;
				ENABLE_PREVIEWS = YES;
				GENERATE_INFOPLIST_FILE = YES;
				INFOPLIST_KEY_NSHumanReadableCopyright = "";
				LD_RUNPATH_SEARCH_PATHS = (
					"$(inherited)",
					"@executable_path/../Frameworks",
				);
				MACOSX_DEPLOYMENT_TARGET = 11.0;
				MARKETING_VERSION = 1.0;
				PRODUCT_BUNDLE_IDENTIFIER = GL.TestApp;
				PRODUCT_NAME = TestApp;
				SDKROOT = macosx;
				SWIFT_EMIT_LOC_STRINGS = YES;
				SWIFT_VERSION = 5.0;
			};
			name = Debug;
		};
		09FD321427230EA500791043 /* Release */ = {
			isa = XCBuildConfiguration;
			buildSettings = {
				ASSETCATALOG_COMPILER_APPICON_NAME = AppIcon;
				ASSETCATALOG_COMPILER_GLOBAL_ACCENT_COLOR_NAME = AccentColor;
				CODE_SIGN_ENTITLEMENTS = macOS/macOS.entitlements;
				CODE_SIGN_IDENTITY = "-";
				CODE_SIGN_STYLE = Automatic;
				COMBINE_HIDPI_IMAGES = YES;
				CURRENT_PROJECT_VERSION = 1;
				ENABLE_PREVIEWS = YES;
				GENERATE_INFOPLIST_FILE = YES;
				INFOPLIST_KEY_NSHumanReadableCopyright = "";
				LD_RUNPATH_SEARCH_PATHS = (
					"$(inherited)",
					"@executable_path/../Frameworks",
				);
				MACOSX_DEPLOYMENT_TARGET = 11.0;
				MARKETING_VERSION = 1.0;
				PRODUCT_BUNDLE_IDENTIFIER = GL.TestApp;
				PRODUCT_NAME = TestApp;
				SDKROOT = macosx;
				SWIFT_EMIT_LOC_STRINGS = YES;
				SWIFT_VERSION = 5.0;
			};
			name = Release;
		};
		09FD321627230EA500791043 /* Debug */ = {
			isa = XCBuildConfiguration;
			buildSettings = {
				ALWAYS_EMBED_SWIFT_STANDARD_LIBRARIES = YES;
				CODE_SIGN_STYLE = Automatic;
				CURRENT_PROJECT_VERSION = 1;
				GENERATE_INFOPLIST_FILE = YES;
				IPHONEOS_DEPLOYMENT_TARGET = 15.0;
				LD_RUNPATH_SEARCH_PATHS = (
					"$(inherited)",
					"@executable_path/Frameworks",
					"@loader_path/Frameworks",
				);
				MARKETING_VERSION = 1.0;
				PRODUCT_BUNDLE_IDENTIFIER = "GL.Tests-iOS";
				PRODUCT_NAME = "$(TARGET_NAME)";
				SDKROOT = iphoneos;
				SWIFT_EMIT_LOC_STRINGS = NO;
				SWIFT_VERSION = 5.0;
				TARGETED_DEVICE_FAMILY = "1,2";
				TEST_TARGET_NAME = "TestApp (iOS)";
			};
			name = Debug;
		};
		09FD321727230EA500791043 /* Release */ = {
			isa = XCBuildConfiguration;
			buildSettings = {
				ALWAYS_EMBED_SWIFT_STANDARD_LIBRARIES = YES;
				CODE_SIGN_STYLE = Automatic;
				CURRENT_PROJECT_VERSION = 1;
				GENERATE_INFOPLIST_FILE = YES;
				IPHONEOS_DEPLOYMENT_TARGET = 15.0;
				LD_RUNPATH_SEARCH_PATHS = (
					"$(inherited)",
					"@executable_path/Frameworks",
					"@loader_path/Frameworks",
				);
				MARKETING_VERSION = 1.0;
				PRODUCT_BUNDLE_IDENTIFIER = "GL.Tests-iOS";
				PRODUCT_NAME = "$(TARGET_NAME)";
				SDKROOT = iphoneos;
				SWIFT_EMIT_LOC_STRINGS = NO;
				SWIFT_VERSION = 5.0;
				TARGETED_DEVICE_FAMILY = "1,2";
				TEST_TARGET_NAME = "TestApp (iOS)";
				VALIDATE_PRODUCT = YES;
			};
			name = Release;
		};
		09FD321927230EA500791043 /* Debug */ = {
			isa = XCBuildConfiguration;
			buildSettings = {
				ALWAYS_EMBED_SWIFT_STANDARD_LIBRARIES = YES;
				CODE_SIGN_STYLE = Automatic;
				COMBINE_HIDPI_IMAGES = YES;
				CURRENT_PROJECT_VERSION = 1;
				GENERATE_INFOPLIST_FILE = YES;
				LD_RUNPATH_SEARCH_PATHS = (
					"$(inherited)",
					"@executable_path/../Frameworks",
					"@loader_path/../Frameworks",
				);
				MACOSX_DEPLOYMENT_TARGET = 11.3;
				MARKETING_VERSION = 1.0;
				PRODUCT_BUNDLE_IDENTIFIER = "GL.Tests-macOS";
				PRODUCT_NAME = "$(TARGET_NAME)";
				SDKROOT = macosx;
				SWIFT_EMIT_LOC_STRINGS = NO;
				SWIFT_VERSION = 5.0;
				TEST_TARGET_NAME = "TestApp (macOS)";
			};
			name = Debug;
		};
		09FD321A27230EA500791043 /* Release */ = {
			isa = XCBuildConfiguration;
			buildSettings = {
				ALWAYS_EMBED_SWIFT_STANDARD_LIBRARIES = YES;
				CODE_SIGN_STYLE = Automatic;
				COMBINE_HIDPI_IMAGES = YES;
				CURRENT_PROJECT_VERSION = 1;
				GENERATE_INFOPLIST_FILE = YES;
				LD_RUNPATH_SEARCH_PATHS = (
					"$(inherited)",
					"@executable_path/../Frameworks",
					"@loader_path/../Frameworks",
				);
				MACOSX_DEPLOYMENT_TARGET = 11.3;
				MARKETING_VERSION = 1.0;
				PRODUCT_BUNDLE_IDENTIFIER = "GL.Tests-macOS";
				PRODUCT_NAME = "$(TARGET_NAME)";
				SDKROOT = macosx;
				SWIFT_EMIT_LOC_STRINGS = NO;
				SWIFT_VERSION = 5.0;
				TEST_TARGET_NAME = "TestApp (macOS)";
			};
			name = Release;
		};
/* End XCBuildConfiguration section */

/* Begin XCConfigurationList section */
		09FD31DD27230EA300791043 /* Build configuration list for PBXProject "TestApp" */ = {
			isa = XCConfigurationList;
			buildConfigurations = (
				09FD320D27230EA500791043 /* Debug */,
				09FD320E27230EA500791043 /* Release */,
			);
			defaultConfigurationIsVisible = 0;
			defaultConfigurationName = Release;
		};
		09FD320F27230EA500791043 /* Build configuration list for PBXNativeTarget "TestApp (iOS)" */ = {
			isa = XCConfigurationList;
			buildConfigurations = (
				09FD321027230EA500791043 /* Debug */,
				09FD321127230EA500791043 /* Release */,
			);
			defaultConfigurationIsVisible = 0;
			defaultConfigurationName = Release;
		};
		09FD321227230EA500791043 /* Build configuration list for PBXNativeTarget "TestApp (macOS)" */ = {
			isa = XCConfigurationList;
			buildConfigurations = (
				09FD321327230EA500791043 /* Debug */,
				09FD321427230EA500791043 /* Release */,
			);
			defaultConfigurationIsVisible = 0;
			defaultConfigurationName = Release;
		};
		09FD321527230EA500791043 /* Build configuration list for PBXNativeTarget "Tests iOS" */ = {
			isa = XCConfigurationList;
			buildConfigurations = (
				09FD321627230EA500791043 /* Debug */,
				09FD321727230EA500791043 /* Release */,
			);
			defaultConfigurationIsVisible = 0;
			defaultConfigurationName = Release;
		};
		09FD321827230EA500791043 /* Build configuration list for PBXNativeTarget "Tests macOS" */ = {
			isa = XCConfigurationList;
			buildConfigurations = (
				09FD321927230EA500791043 /* Debug */,
				09FD321A27230EA500791043 /* Release */,
			);
			defaultConfigurationIsVisible = 0;
			defaultConfigurationName = Release;
		};
/* End XCConfigurationList section */
	};
	rootObject = 09FD31DA27230EA300791043 /* Project object */;
}
